{
  "name": "read",
  "version": "1.0.0",
  "lockfileVersion": 3,
  "requires": true,
  "packages": {
    "": {
      "name": "read",
      "version": "1.0.0",
      "license": "ISC",
      "dependencies": {
        "console-colors": "^1.0.1",
        "node-console-colors": "^1.1.5",
        "require": "^0.4.4"
      }
    },
    "node_modules/console-colors": {
      "version": "1.0.1",
      "resolved": "https://registry.npmjs.org/console-colors/-/console-colors-1.0.1.tgz",
      "integrity": "sha512-j4/4m0qlq1002IV4mGN2rgRLuuY4iTYL0es3qfEQSAtbO0pf72xuqHG5GrToILcTRCYDt6axrQRgiBipreoP6Q==",
      "dependencies": {
        "node-csi": "^1.0.1"
      }
    },
    "node_modules/node-console-colors": {
      "version": "1.1.5",
      "resolved": "https://registry.npmjs.org/node-console-colors/-/node-console-colors-1.1.5.tgz",
      "integrity": "sha512-PvndhaJGOV2vkwu8ugfOgiRkXEyu5AgTlldD3f68w9QYC44yXARQQR4STvXC6CF+ZfyeKbNoLddjR3dx8qdBEQ=="
    },
    "node_modules/node-csi": {
      "version": "1.0.4",
      "resolved": "https://registry.npmjs.org/node-csi/-/node-csi-1.0.4.tgz",
      "integrity": "sha512-CvVOJw/seCXhH5TciuNVvmrxxZy0HEy7/ADOA63YbA4ecC7Ov8SB5uW/7PDbmPyP8U8xzjjNEJfKPWLKTsgKxQ=="
    },
    "node_modules/require": {
      "version": "0.4.9",
      "resolved": "https://registry.npmjs.org/require/-/require-0.4.9.tgz",
      "integrity": "sha512-gkJ1IiSdLFgBiLmcVdtBen0KVB3H/+2pLtoEXKUEKKCxlaH5e/aAyMcvYWuXD8gzbdTW/1U7UEB71lSEl8wA9w==",
      "dependencies": {
        "uglify-js": "1.0.3"
      },
      "bin": {
        "require": "bin/require-command.js"
      },
      "engines": {
        "browsers": "*",
        "node": "*"
      }
    },
    "node_modules/uglify-js": {
      "version": "1.0.3",
      "resolved": "https://registry.npmjs.org/uglify-js/-/uglify-js-1.0.3.tgz",
      "integrity": "sha512-56NY7VZ8NfvYgu3e6Gk44nU4ifXlWvTDmTB8SLZ1Sl0gZbXA5ncDmVBD6U2hv3oiXLaIfeSoht7RwVeiaQUe8Q==",
      "bin": {
        "uglifyjs": "bin/uglifyjs"
      },
      "engines": {
        "node": "*"
      }
    }
  }
}
